<?xml version="1.0" encoding="utf-8"?>
<Project ToolsVersion="4.0" xmlns="http://schemas.microsoft.com/developer/msbuild/2003">
  <ItemGroup>
    <Filter Include="Source Files">
      <UniqueIdentifier>{4FC737F1-C7A5-4376-A066-2A32D752A2FF}</UniqueIdentifier>
      <Extensions>cpp;c;cc;cxx;c++;cppm;ixx;def;odl;idl;hpj;bat;asm;asmx</Extensions>
    </Filter>
    <Filter Include="Header Files">
      <UniqueIdentifier>{93995380-89BD-4b04-88EB-625FBE52EBFB}</UniqueIdentifier>
      <Extensions>h;hh;hpp;hxx;h++;hm;inl;inc;ipp;xsd</Extensions>
    </Filter>
    <Filter Include="Resource Files">
      <UniqueIdentifier>{67DA6AB6-F800-4c08-8B7A-83BB121AAD01}</UniqueIdentifier>
      <Extensions>rc;ico;cur;bmp;dlg;rc2;rct;bin;rgs;gif;jpg;jpeg;jpe;resx;tiff;tif;png;wav;mfcribbon-ms</Extensions>
    </Filter>
  </ItemGroup>
  <ItemGroup>
    <ClInclude Include="src\AppLogic.hpp">
      <Filter>Header Files</Filter>
    </ClInclude>
    <ClInclude Include="src\AppState.hpp">
      <Filter>Header Files</Filter>
    </ClInclude>
    <ClInclude Include="src\AppView.hpp">
      <Filter>Header Files</Filter>
    </ClInclude>
    <ClInclude Include="src\CameraManager.hpp">
      <Filter>Header Files</Filter>
    </ClInclude>
    <ClInclude Include="src\ChromaKeyManager.hpp">
      <Filter>Header Files</Filter>
    </ClInclude>
    <ClInclude Include="src\D3D11MultiLayerView.hpp">
      <Filter>Header Files</Filter>
    </ClInclude>
    <ClInclude Include="src\D3D11Renderer.hpp">
      <Filter>Header Files</Filter>
    </ClInclude>
    <ClInclude Include="src\D3D11Shaders.hpp">
      <Filter>Header Files</Filter>
    </ClInclude>
    <ClInclude Include="src\DataStreamer.hpp">
      <Filter>Header Files</Filter>
    </ClInclude>
    <ClInclude Include="src\ExampleShaders.hpp">
      <Filter>Header Files</Filter>
    </ClInclude>
    <ClInclude Include="src\GfxContext.hpp">
      <Filter>Header Files</Filter>
    </ClInclude>
    <ClInclude Include="src\Globals.hpp">
      <Filter>Header Files</Filter>
    </ClInclude>
    <ClInclude Include="src\HeadlessView.hpp">
      <Filter>Header Files</Filter>
    </ClInclude>
    <ClInclude Include="src\MarkerTracker.hpp">
      <Filter>Header Files</Filter>
    </ClInclude>
    <ClInclude Include="src\MRScene.hpp">
      <Filter>Header Files</Filter>
    </ClInclude>
    <ClInclude Include="src\MultiLayerView.hpp">
      <Filter>Header Files</Filter>
    </ClInclude>
    <ClInclude Include="src\Renderer.hpp">
      <Filter>Header Files</Filter>
    </ClInclude>
    <ClInclude Include="src\Scene.hpp">
      <Filter>Header Files</Filter>
    </ClInclude>
    <ClInclude Include="src\SyncView.hpp">
      <Filter>Header Files</Filter>
    </ClInclude>
    <ClInclude Include="src\UI.hpp">
      <Filter>Header Files</Filter>
    </ClInclude>
  </ItemGroup>
  <ItemGroup>
    <ClCompile Include="src\AppLogic.cpp">
      <Filter>Source Files</Filter>
    </ClCompile>
    <ClCompile Include="src\AppView.cpp">
      <Filter>Source Files</Filter>
    </ClCompile>
    <ClCompile Include="src\CameraManager.cpp">
      <Filter>Source Files</Filter>
    </ClCompile>
    <ClCompile Include="src\ChromaKeyManager.cpp">
      <Filter>Source Files</Filter>
    </ClCompile>
    <ClCompile Include="src\D3D11MultiLayerView.cpp">
      <Filter>Source Files</Filter>
    </ClCompile>
    <ClCompile Include="src\D3D11Renderer.cpp">
      <Filter>Source Files</Filter>
    </ClCompile>
    <ClCompile Include="src\D3D11Shaders.cpp">
      <Filter>Source Files</Filter>
    </ClCompile>
    <ClCompile Include="src\DataStreamer.cpp">
      <Filter>Source Files</Filter>
    </ClCompile>
    <ClCompile Include="src\GfxContext.cpp">
      <Filter>Source Files</Filter>
    </ClCompile>
    <ClCompile Include="src\Globals.cpp">
      <Filter>Source Files</Filter>
    </ClCompile>
    <ClCompile Include="src\HeadlessView.cpp">
      <Filter>Source Files</Filter>
    </ClCompile>
    <ClCompile Include="src\main.cpp">
      <Filter>Source Files</Filter>
    </ClCompile>
    <ClCompile Include="src\MarkerTracker.cpp">
      <Filter>Source Files</Filter>
    </ClCompile>
    <ClCompile Include="src\MRScene.cpp">
      <Filter>Source Files</Filter>
    </ClCompile>
    <ClCompile Include="src\MultiLayerView.cpp">
      <Filter>Source Files</Filter>
    </ClCompile>
    <ClCompile Include="src\Renderer.cpp">
      <Filter>Source Files</Filter>
    </ClCompile>
    <ClCompile Include="src\Scene.cpp">
      <Filter>Source Files</Filter>
    </ClCompile>
    <ClCompile Include="src\SyncView.cpp">
      <Filter>Source Files</Filter>
    </ClCompile>
    <ClCompile Include="src\UI.cpp">
      <Filter>Source Files</Filter>
    </ClCompile>
  </ItemGroup>
</Project>